
Microsoft Visual Studio Solution File, Format Version 12.00
# Visual Studio Version 16
VisualStudioVersion = 16.0.31702.278
MinimumVisualStudioVersion = 10.0.40219.1
Project("{FAE04EC0-301F-11D3-BF4B-00C04F79EFBC}") = "repos", "repos\repos.csproj", "{DBD7CD51-7ABB-4D15-B699-F67AA3FC3EA9}"
EndProject
Global
	GlobalSection(SolutionConfigurationPlatforms) = preSolution
		Debug|Any CPU = Debug|Any CPU
		Release|Any CPU = Release|Any CPU
	EndGlobalSection
	GlobalSection(ProjectConfigurationPlatforms) = postSolution
		{DBD7CD51-7ABB-4D15-B699-F67AA3FC3EA9}.Debug|Any CPU.ActiveCfg = Debug|Any CPU
		{DBD7CD51-7ABB-4D15-B699-F67AA3FC3EA9}.Debug|Any CPU.Build.0 = Debug|Any CPU
		{DBD7CD51-7ABB-4D15-B699-F67AA3FC3EA9}.Release|Any CPU.ActiveCfg = Release|Any CPU
		{DBD7CD51-7ABB-4D15-B699-F67AA3FC3EA9}.Release|Any CPU.Build.0 = Release|Any CPU
	EndGlobalSection
	GlobalSection(SolutionProperties) = preSolution
		HideSolutionNode = FALSE
	EndGlobalSection
	GlobalSection(ExtensibilityGlobals) = postSolution
		SolutionGuid = {E0C7678D-B944-402C-84F6-390356B7E06E}
	EndGlobalSection
EndGlobal
